
Microsoft Visual Studio Solution File, Format Version 12.00
# Visual Studio 14
VisualStudioVersion = 14.0.25420.1
MinimumVisualStudioVersion = 10.0.40219.1
Project("{FAE04EC0-301F-11D3-BF4B-00C04F79EFBC}") = "UbbCourse1", "MVCProject\UbbCourse1.csproj", "{5399B914-EDCE-45D2-ADA9-8E019BA8F3D9}"
EndProject
Project("{FAE04EC0-301F-11D3-BF4B-00C04F79EFBC}") = "UBBCourse4", "UBBCourse4\UBBCourse4.csproj", "{9F5AEB75-CA34-4BE3-B333-14D6403AA6C5}"
EndProject
Global
	GlobalSection(SolutionConfigurationPlatforms) = preSolution
		Debug|Any CPU = Debug|Any CPU
		Release|Any CPU = Release|Any CPU
	EndGlobalSection
	GlobalSection(ProjectConfigurationPlatforms) = postSolution
		{5399B914-EDCE-45D2-ADA9-8E019BA8F3D9}.Debug|Any CPU.ActiveCfg = Debug|Any CPU
		{5399B914-EDCE-45D2-ADA9-8E019BA8F3D9}.Debug|Any CPU.Build.0 = Debug|Any CPU
		{5399B914-EDCE-45D2-ADA9-8E019BA8F3D9}.Release|Any CPU.ActiveCfg = Release|Any CPU
		{5399B914-EDCE-45D2-ADA9-8E019BA8F3D9}.Release|Any CPU.Build.0 = Release|Any CPU
		{9F5AEB75-CA34-4BE3-B333-14D6403AA6C5}.Debug|Any CPU.ActiveCfg = Debug|Any CPU
		{9F5AEB75-CA34-4BE3-B333-14D6403AA6C5}.Debug|Any CPU.Build.0 = Debug|Any CPU
		{9F5AEB75-CA34-4BE3-B333-14D6403AA6C5}.Release|Any CPU.ActiveCfg = Release|Any CPU
		{9F5AEB75-CA34-4BE3-B333-14D6403AA6C5}.Release|Any CPU.Build.0 = Release|Any CPU
	EndGlobalSection
	GlobalSection(SolutionProperties) = preSolution
		HideSolutionNode = FALSE
	EndGlobalSection
EndGlobal
